
Microsoft Visual Studio Solution File, Format Version 12.00
# Visual Studio 14
VisualStudioVersion = 14.0.25420.1
MinimumVisualStudioVersion = 10.0.40219.1
Project("{2150E333-8FDC-42A3-9474-1A3956D46DE8}") = "data", "data", "{F009CC7E-CBAC-46C8-BFF8-CF57CE3E0B35}"
EndProject
Project("{2150E333-8FDC-42A3-9474-1A3956D46DE8}") = "common", "common", "{D3526404-DC06-4606-A826-9338B0AC4187}"
EndProject
Project("{FAE04EC0-301F-11D3-BF4B-00C04F79EFBC}") = "com.wer.sc.utils", "common\com.wer.sc.utils\com.wer.sc.utils.csproj", "{6A9E6268-E856-4072-8B74-06F710D5CA33}"
EndProject
Project("{FAE04EC0-301F-11D3-BF4B-00C04F79EFBC}") = "com.wer.sc.utils.test", "common\com.wer.sc.utils.test\com.wer.sc.utils.test.csproj", "{EA126179-E544-46D5-A991-1D46C8EEC35C}"
EndProject
Project("{FAE04EC0-301F-11D3-BF4B-00C04F79EFBC}") = "com.wer.sc.utils.ui", "common\com.wer.sc.utils.ui\com.wer.sc.utils.ui.csproj", "{FFFFC645-3A82-48F2-8705-D4EE4552F1B7}"
EndProject
Project("{FAE04EC0-301F-11D3-BF4B-00C04F79EFBC}") = "com.wer.sc.utils.ui.test", "common\com.wer.sc.utils.ui.test\com.wer.sc.utils.ui.test.csproj", "{D4DB12F1-18F4-480B-A80A-528AB1C28B2B}"
EndProject
Project("{2150E333-8FDC-42A3-9474-1A3956D46DE8}") = "plugin", "plugin", "{2979CB39-2B74-4787-A4E2-F4695BE03B03}"
EndProject
Project("{FAE04EC0-301F-11D3-BF4B-00C04F79EFBC}") = "com.wer.sc.plugin", "plugin\com.wer.sc.plugin\com.wer.sc.plugin.csproj", "{B8955457-F108-4060-A35B-69B482A19AB6}"
EndProject
Project("{FAE04EC0-301F-11D3-BF4B-00C04F79EFBC}") = "com.wer.sc.data", "data\com.wer.sc.data\com.wer.sc.data.csproj", "{1EE9E83B-FD37-42FA-A263-EEE93479AD45}"
EndProject
Project("{FAE04EC0-301F-11D3-BF4B-00C04F79EFBC}") = "com.wer.sc.data.test", "data\com.wer.sc.data.test\com.wer.sc.data.test.csproj", "{BFF52B2B-D048-47A2-B3E3-029F057D5508}"
EndProject
Project("{FAE04EC0-301F-11D3-BF4B-00C04F79EFBC}") = "com.wer.sc.mockdata", "data\com.wer.sc.mockdata\com.wer.sc.mockdata.csproj", "{4645ED74-ABF5-449E-8C75-16A2C8CE5612}"
EndProject
Project("{FAE04EC0-301F-11D3-BF4B-00C04F79EFBC}") = "com.wer.sc.mockdata.test", "data\com.wer.sc.mockdata.test\com.wer.sc.mockdata.test.csproj", "{E6A7E6E8-EDB5-4BF3-99DE-9710B9C4520B}"
EndProject
Project("{FAE04EC0-301F-11D3-BF4B-00C04F79EFBC}") = "com.wer.sc.data.updater", "data\com.wer.sc.data.updater\com.wer.sc.data.updater.csproj", "{4DD302CC-6E1C-48C1-8647-54473B9D1EED}"
EndProject
Project("{FAE04EC0-301F-11D3-BF4B-00C04F79EFBC}") = "com.wer.sc.plugin.test", "plugin\com.wer.sc.plugin.test\com.wer.sc.plugin.test.csproj", "{F452AE5A-D1B5-4A14-97D0-9E323E2C0871}"
EndProject
Project("{2150E333-8FDC-42A3-9474-1A3956D46DE8}") = "cnfutures", "cnfutures", "{E7FA8D04-FF11-483D-BDBA-E1FE522F07F0}"
EndProject
Project("{FAE04EC0-301F-11D3-BF4B-00C04F79EFBC}") = "com.wer.sc.plugin.cnfutures.config", "plugin\cnfutures\com.wer.sc.plugin.cnfutures.config\com.wer.sc.plugin.cnfutures.config.csproj", "{A8045DD4-BD73-4425-920D-C994F8C9786A}"
EndProject
Project("{FAE04EC0-301F-11D3-BF4B-00C04F79EFBC}") = "com.wer.sc.plugin.cnfutures.config.test", "plugin\cnfutures\com.wer.sc.plugin.cnfutures.config.test\com.wer.sc.plugin.cnfutures.config.test.csproj", "{83689FA4-E01F-4E63-A3E9-D9731C653542}"
EndProject
Project("{FAE04EC0-301F-11D3-BF4B-00C04F79EFBC}") = "com.wer.sc.plugin.cnfutures.historydata", "plugin\cnfutures\com.wer.sc.plugin.cnfutures.historydata\com.wer.sc.plugin.cnfutures.historydata.csproj", "{FD1BC523-AB97-41A6-B7F4-ECAF2CBE9758}"
EndProject
Project("{FAE04EC0-301F-11D3-BF4B-00C04F79EFBC}") = "com.wer.sc.plugin.cnfutures.market", "plugin\cnfutures\com.wer.sc.plugin.cnfutures.market\com.wer.sc.plugin.cnfutures.market.csproj", "{57976458-9E94-4F34-A7C8-3BBBBC64C0ED}"
EndProject
Project("{2150E333-8FDC-42A3-9474-1A3956D46DE8}") = "mock", "mock", "{8DA3DBBD-1D1B-432E-90AF-A5766D5BD949}"
EndProject
Project("{FAE04EC0-301F-11D3-BF4B-00C04F79EFBC}") = "com.wer.sc.plugin.mock.historydata", "plugin\mock\com.wer.sc.plugin.mock.historydata\com.wer.sc.plugin.mock.historydata.csproj", "{304172E6-26E3-40F5-8561-9D493AE1C08D}"
EndProject
Project("{FAE04EC0-301F-11D3-BF4B-00C04F79EFBC}") = "com.wer.sc.plugin.mock.historydata.sina", "plugin\mock\com.wer.sc.plugin.mock.historydata.sina\com.wer.sc.plugin.mock.historydata.sina.csproj", "{9401B543-F778-4164-982F-C14F29B0C692}"
EndProject
Project("{FAE04EC0-301F-11D3-BF4B-00C04F79EFBC}") = "com.wer.sc.plugin.mock.market", "plugin\mock\com.wer.sc.plugin.mock.market\com.wer.sc.plugin.mock.market.csproj", "{3863C8D9-F1F7-4912-B13B-3DC2B5C498C1}"
EndProject
Project("{FAE04EC0-301F-11D3-BF4B-00C04F79EFBC}") = "com.wer.sc.plugin.mock.market.web", "plugin\mock\com.wer.sc.plugin.mock.market.web\com.wer.sc.plugin.mock.market.web.csproj", "{6030821A-4F51-4166-8F92-59257E5192BC}"
EndProject
Project("{FAE04EC0-301F-11D3-BF4B-00C04F79EFBC}") = "com.wer.sc.plugin.mock.strategy", "plugin\mock\com.wer.sc.plugin.mock.strategy\com.wer.sc.plugin.mock.strategy.csproj", "{6C2E82AE-03AA-4B3C-9F9E-A13DC050C782}"
EndProject
Project("{FAE04EC0-301F-11D3-BF4B-00C04F79EFBC}") = "com.wer.sc.plugin.mock.strategy.notexist", "plugin\mock\com.wer.sc.plugin.mock.strategy.notexist\com.wer.sc.plugin.mock.strategy.notexist.csproj", "{E55019B7-C7A2-422A-B936-72C84018AAB3}"
EndProject
Project("{FAE04EC0-301F-11D3-BF4B-00C04F79EFBC}") = "com.wer.sc.plugin.mock.strategy2", "plugin\mock\com.wer.sc.plugin.mock.strategy2\com.wer.sc.plugin.mock.strategy2.csproj", "{3A6F855D-036E-4B42-9804-5AD62EDF1A28}"
EndProject
Project("{2150E333-8FDC-42A3-9474-1A3956D46DE8}") = "ui", "ui", "{BFFCBB38-3657-4399-8240-10F096E9E461}"
EndProject
Project("{FAE04EC0-301F-11D3-BF4B-00C04F79EFBC}") = "com.wer.sc.plugin.cnfutures.adjust", "plugin\cnfutures\com.wer.sc.plugin.cnfutures.adjust\com.wer.sc.plugin.cnfutures.adjust.csproj", "{2AFA3D4D-E226-434B-AC7D-D6380DEDD336}"
EndProject
Project("{FAE04EC0-301F-11D3-BF4B-00C04F79EFBC}") = "com.wer.sc.plugin.cnfutures.historydata.test", "plugin\cnfutures\com.wer.sc.plugin.cnfutures.historydata.test\com.wer.sc.plugin.cnfutures.historydata.test.csproj", "{61D2A702-B20D-4D61-A6B1-EC4601BC77B3}"
EndProject
Project("{FAE04EC0-301F-11D3-BF4B-00C04F79EFBC}") = "com.wer.sc.verify", "ui\com.wer.sc.verify\com.wer.sc.verify.csproj", "{EADA7A88-60B2-4890-8640-97ED616D166E}"
EndProject
Project("{2150E333-8FDC-42A3-9474-1A3956D46DE8}") = "ana", "ana", "{CB622BDA-0409-4171-8737-93B888202B62}"
EndProject
Project("{FAE04EC0-301F-11D3-BF4B-00C04F79EFBC}") = "com.wer.sc.ana", "..\SC\ana\com.wer.sc.ana\com.wer.sc.ana.csproj", "{0ACF6F33-A700-47FD-AA61-5E0B3B4B8F80}"
EndProject
Project("{FAE04EC0-301F-11D3-BF4B-00C04F79EFBC}") = "com.wer.sc.ana.test", "..\SC\ana\com.wer.sc.ana.test\com.wer.sc.ana.test.csproj", "{3ACDA348-EB68-487B-B76B-DB5BAC9318F5}"
EndProject
Project("{2150E333-8FDC-42A3-9474-1A3956D46DE8}") = "strategy", "strategy", "{F720E9F8-DFFA-42F0-B81F-7D34EE9F5BAD}"
EndProject
Project("{FAE04EC0-301F-11D3-BF4B-00C04F79EFBC}") = "com.wer.sc.strategy", "strategy\com.wer.sc.strategy\com.wer.sc.strategy.csproj", "{F2D6838B-E678-43BD-B4F4-53EA52FEBB05}"
EndProject
Project("{FAE04EC0-301F-11D3-BF4B-00C04F79EFBC}") = "com.wer.sc.strategy.cnfutures", "strategy\com.wer.sc.strategy.cnfutures\com.wer.sc.strategy.cnfutures.csproj", "{B6C505F7-29D3-48D5-A292-CF22620E86A4}"
EndProject
Project("{FAE04EC0-301F-11D3-BF4B-00C04F79EFBC}") = "com.wer.sc.strategy.cnfutures.test", "strategy\com.wer.sc.strategy.cnfutures.test\com.wer.sc.strategy.cnfutures.test.csproj", "{C712DEBD-6885-4805-96F7-7AEAD0006745}"
EndProject
Project("{FAE04EC0-301F-11D3-BF4B-00C04F79EFBC}") = "com.wer.sc.strategy.test", "strategy\com.wer.sc.strategy.test\com.wer.sc.strategy.test.csproj", "{D12FBFEA-2E8B-4F2B-B915-B584F0D60F0F}"
EndProject
Global
	GlobalSection(SolutionConfigurationPlatforms) = preSolution
		Debug|Any CPU = Debug|Any CPU
		Release|Any CPU = Release|Any CPU
	EndGlobalSection
	GlobalSection(ProjectConfigurationPlatforms) = postSolution
		{6A9E6268-E856-4072-8B74-06F710D5CA33}.Debug|Any CPU.ActiveCfg = Debug|Any CPU
		{6A9E6268-E856-4072-8B74-06F710D5CA33}.Debug|Any CPU.Build.0 = Debug|Any CPU
		{6A9E6268-E856-4072-8B74-06F710D5CA33}.Release|Any CPU.ActiveCfg = Release|Any CPU
		{6A9E6268-E856-4072-8B74-06F710D5CA33}.Release|Any CPU.Build.0 = Release|Any CPU
		{EA126179-E544-46D5-A991-1D46C8EEC35C}.Debug|Any CPU.ActiveCfg = Debug|Any CPU
		{EA126179-E544-46D5-A991-1D46C8EEC35C}.Debug|Any CPU.Build.0 = Debug|Any CPU
		{EA126179-E544-46D5-A991-1D46C8EEC35C}.Release|Any CPU.ActiveCfg = Release|Any CPU
		{EA126179-E544-46D5-A991-1D46C8EEC35C}.Release|Any CPU.Build.0 = Release|Any CPU
		{FFFFC645-3A82-48F2-8705-D4EE4552F1B7}.Debug|Any CPU.ActiveCfg = Debug|Any CPU
		{FFFFC645-3A82-48F2-8705-D4EE4552F1B7}.Debug|Any CPU.Build.0 = Debug|Any CPU
		{FFFFC645-3A82-48F2-8705-D4EE4552F1B7}.Release|Any CPU.ActiveCfg = Release|Any CPU
		{FFFFC645-3A82-48F2-8705-D4EE4552F1B7}.Release|Any CPU.Build.0 = Release|Any CPU
		{D4DB12F1-18F4-480B-A80A-528AB1C28B2B}.Debug|Any CPU.ActiveCfg = Debug|Any CPU
		{D4DB12F1-18F4-480B-A80A-528AB1C28B2B}.Debug|Any CPU.Build.0 = Debug|Any CPU
		{D4DB12F1-18F4-480B-A80A-528AB1C28B2B}.Release|Any CPU.ActiveCfg = Release|Any CPU
		{D4DB12F1-18F4-480B-A80A-528AB1C28B2B}.Release|Any CPU.Build.0 = Release|Any CPU
		{B8955457-F108-4060-A35B-69B482A19AB6}.Debug|Any CPU.ActiveCfg = Debug|Any CPU
		{B8955457-F108-4060-A35B-69B482A19AB6}.Debug|Any CPU.Build.0 = Debug|Any CPU
		{B8955457-F108-4060-A35B-69B482A19AB6}.Release|Any CPU.ActiveCfg = Release|Any CPU
		{B8955457-F108-4060-A35B-69B482A19AB6}.Release|Any CPU.Build.0 = Release|Any CPU
		{1EE9E83B-FD37-42FA-A263-EEE93479AD45}.Debug|Any CPU.ActiveCfg = Debug|Any CPU
		{1EE9E83B-FD37-42FA-A263-EEE93479AD45}.Debug|Any CPU.Build.0 = Debug|Any CPU
		{1EE9E83B-FD37-42FA-A263-EEE93479AD45}.Release|Any CPU.ActiveCfg = Release|Any CPU
		{1EE9E83B-FD37-42FA-A263-EEE93479AD45}.Release|Any CPU.Build.0 = Release|Any CPU
		{BFF52B2B-D048-47A2-B3E3-029F057D5508}.Debug|Any CPU.ActiveCfg = Debug|Any CPU
		{BFF52B2B-D048-47A2-B3E3-029F057D5508}.Debug|Any CPU.Build.0 = Debug|Any CPU
		{BFF52B2B-D048-47A2-B3E3-029F057D5508}.Release|Any CPU.ActiveCfg = Release|Any CPU
		{BFF52B2B-D048-47A2-B3E3-029F057D5508}.Release|Any CPU.Build.0 = Release|Any CPU
		{4645ED74-ABF5-449E-8C75-16A2C8CE5612}.Debug|Any CPU.ActiveCfg = Debug|Any CPU
		{4645ED74-ABF5-449E-8C75-16A2C8CE5612}.Debug|Any CPU.Build.0 = Debug|Any CPU
		{4645ED74-ABF5-449E-8C75-16A2C8CE5612}.Release|Any CPU.ActiveCfg = Release|Any CPU
		{4645ED74-ABF5-449E-8C75-16A2C8CE5612}.Release|Any CPU.Build.0 = Release|Any CPU
		{E6A7E6E8-EDB5-4BF3-99DE-9710B9C4520B}.Debug|Any CPU.ActiveCfg = Debug|Any CPU
		{E6A7E6E8-EDB5-4BF3-99DE-9710B9C4520B}.Debug|Any CPU.Build.0 = Debug|Any CPU
		{E6A7E6E8-EDB5-4BF3-99DE-9710B9C4520B}.Release|Any CPU.ActiveCfg = Release|Any CPU
		{E6A7E6E8-EDB5-4BF3-99DE-9710B9C4520B}.Release|Any CPU.Build.0 = Release|Any CPU
		{4DD302CC-6E1C-48C1-8647-54473B9D1EED}.Debug|Any CPU.ActiveCfg = Debug|Any CPU
		{4DD302CC-6E1C-48C1-8647-54473B9D1EED}.Debug|Any CPU.Build.0 = Debug|Any CPU
		{4DD302CC-6E1C-48C1-8647-54473B9D1EED}.Release|Any CPU.ActiveCfg = Release|Any CPU
		{4DD302CC-6E1C-48C1-8647-54473B9D1EED}.Release|Any CPU.Build.0 = Release|Any CPU
		{F452AE5A-D1B5-4A14-97D0-9E323E2C0871}.Debug|Any CPU.ActiveCfg = Debug|Any CPU
		{F452AE5A-D1B5-4A14-97D0-9E323E2C0871}.Debug|Any CPU.Build.0 = Debug|Any CPU
		{F452AE5A-D1B5-4A14-97D0-9E323E2C0871}.Release|Any CPU.ActiveCfg = Release|Any CPU
		{F452AE5A-D1B5-4A14-97D0-9E323E2C0871}.Release|Any CPU.Build.0 = Release|Any CPU
		{A8045DD4-BD73-4425-920D-C994F8C9786A}.Debug|Any CPU.ActiveCfg = Debug|Any CPU
		{A8045DD4-BD73-4425-920D-C994F8C9786A}.Debug|Any CPU.Build.0 = Debug|Any CPU
		{A8045DD4-BD73-4425-920D-C994F8C9786A}.Release|Any CPU.ActiveCfg = Release|Any CPU
		{A8045DD4-BD73-4425-920D-C994F8C9786A}.Release|Any CPU.Build.0 = Release|Any CPU
		{83689FA4-E01F-4E63-A3E9-D9731C653542}.Debug|Any CPU.ActiveCfg = Debug|Any CPU
		{83689FA4-E01F-4E63-A3E9-D9731C653542}.Debug|Any CPU.Build.0 = Debug|Any CPU
		{83689FA4-E01F-4E63-A3E9-D9731C653542}.Release|Any CPU.ActiveCfg = Release|Any CPU
		{83689FA4-E01F-4E63-A3E9-D9731C653542}.Release|Any CPU.Build.0 = Release|Any CPU
		{FD1BC523-AB97-41A6-B7F4-ECAF2CBE9758}.Debug|Any CPU.ActiveCfg = Debug|Any CPU
		{FD1BC523-AB97-41A6-B7F4-ECAF2CBE9758}.Debug|Any CPU.Build.0 = Debug|Any CPU
		{FD1BC523-AB97-41A6-B7F4-ECAF2CBE9758}.Release|Any CPU.ActiveCfg = Release|Any CPU
		{FD1BC523-AB97-41A6-B7F4-ECAF2CBE9758}.Release|Any CPU.Build.0 = Release|Any CPU
		{57976458-9E94-4F34-A7C8-3BBBBC64C0ED}.Debug|Any CPU.ActiveCfg = Debug|Any CPU
		{57976458-9E94-4F34-A7C8-3BBBBC64C0ED}.Debug|Any CPU.Build.0 = Debug|Any CPU
		{57976458-9E94-4F34-A7C8-3BBBBC64C0ED}.Release|Any CPU.ActiveCfg = Release|Any CPU
		{57976458-9E94-4F34-A7C8-3BBBBC64C0ED}.Release|Any CPU.Build.0 = Release|Any CPU
		{304172E6-26E3-40F5-8561-9D493AE1C08D}.Debug|Any CPU.ActiveCfg = Debug|Any CPU
		{304172E6-26E3-40F5-8561-9D493AE1C08D}.Debug|Any CPU.Build.0 = Debug|Any CPU
		{304172E6-26E3-40F5-8561-9D493AE1C08D}.Release|Any CPU.ActiveCfg = Release|Any CPU
		{304172E6-26E3-40F5-8561-9D493AE1C08D}.Release|Any CPU.Build.0 = Release|Any CPU
		{9401B543-F778-4164-982F-C14F29B0C692}.Debug|Any CPU.ActiveCfg = Debug|Any CPU
		{9401B543-F778-4164-982F-C14F29B0C692}.Debug|Any CPU.Build.0 = Debug|Any CPU
		{9401B543-F778-4164-982F-C14F29B0C692}.Release|Any CPU.ActiveCfg = Release|Any CPU
		{9401B543-F778-4164-982F-C14F29B0C692}.Release|Any CPU.Build.0 = Release|Any CPU
		{3863C8D9-F1F7-4912-B13B-3DC2B5C498C1}.Debug|Any CPU.ActiveCfg = Debug|Any CPU
		{3863C8D9-F1F7-4912-B13B-3DC2B5C498C1}.Debug|Any CPU.Build.0 = Debug|Any CPU
		{3863C8D9-F1F7-4912-B13B-3DC2B5C498C1}.Release|Any CPU.ActiveCfg = Release|Any CPU
		{3863C8D9-F1F7-4912-B13B-3DC2B5C498C1}.Release|Any CPU.Build.0 = Release|Any CPU
		{6030821A-4F51-4166-8F92-59257E5192BC}.Debug|Any CPU.ActiveCfg = Debug|Any CPU
		{6030821A-4F51-4166-8F92-59257E5192BC}.Debug|Any CPU.Build.0 = Debug|Any CPU
		{6030821A-4F51-4166-8F92-59257E5192BC}.Release|Any CPU.ActiveCfg = Release|Any CPU
		{6030821A-4F51-4166-8F92-59257E5192BC}.Release|Any CPU.Build.0 = Release|Any CPU
		{6C2E82AE-03AA-4B3C-9F9E-A13DC050C782}.Debug|Any CPU.ActiveCfg = Debug|Any CPU
		{6C2E82AE-03AA-4B3C-9F9E-A13DC050C782}.Debug|Any CPU.Build.0 = Debug|Any CPU
		{6C2E82AE-03AA-4B3C-9F9E-A13DC050C782}.Release|Any CPU.ActiveCfg = Release|Any CPU
		{6C2E82AE-03AA-4B3C-9F9E-A13DC050C782}.Release|Any CPU.Build.0 = Release|Any CPU
		{E55019B7-C7A2-422A-B936-72C84018AAB3}.Debug|Any CPU.ActiveCfg = Debug|Any CPU
		{E55019B7-C7A2-422A-B936-72C84018AAB3}.Debug|Any CPU.Build.0 = Debug|Any CPU
		{E55019B7-C7A2-422A-B936-72C84018AAB3}.Release|Any CPU.ActiveCfg = Release|Any CPU
		{E55019B7-C7A2-422A-B936-72C84018AAB3}.Release|Any CPU.Build.0 = Release|Any CPU
		{3A6F855D-036E-4B42-9804-5AD62EDF1A28}.Debug|Any CPU.ActiveCfg = Debug|Any CPU
		{3A6F855D-036E-4B42-9804-5AD62EDF1A28}.Debug|Any CPU.Build.0 = Debug|Any CPU
		{3A6F855D-036E-4B42-9804-5AD62EDF1A28}.Release|Any CPU.ActiveCfg = Release|Any CPU
		{3A6F855D-036E-4B42-9804-5AD62EDF1A28}.Release|Any CPU.Build.0 = Release|Any CPU
		{2AFA3D4D-E226-434B-AC7D-D6380DEDD336}.Debug|Any CPU.ActiveCfg = Debug|Any CPU
		{2AFA3D4D-E226-434B-AC7D-D6380DEDD336}.Debug|Any CPU.Build.0 = Debug|Any CPU
		{2AFA3D4D-E226-434B-AC7D-D6380DEDD336}.Release|Any CPU.ActiveCfg = Release|Any CPU
		{2AFA3D4D-E226-434B-AC7D-D6380DEDD336}.Release|Any CPU.Build.0 = Release|Any CPU
		{61D2A702-B20D-4D61-A6B1-EC4601BC77B3}.Debug|Any CPU.ActiveCfg = Debug|Any CPU
		{61D2A702-B20D-4D61-A6B1-EC4601BC77B3}.Debug|Any CPU.Build.0 = Debug|Any CPU
		{61D2A702-B20D-4D61-A6B1-EC4601BC77B3}.Release|Any CPU.ActiveCfg = Release|Any CPU
		{61D2A702-B20D-4D61-A6B1-EC4601BC77B3}.Release|Any CPU.Build.0 = Release|Any CPU
		{EADA7A88-60B2-4890-8640-97ED616D166E}.Debug|Any CPU.ActiveCfg = Debug|Any CPU
		{EADA7A88-60B2-4890-8640-97ED616D166E}.Debug|Any CPU.Build.0 = Debug|Any CPU
		{EADA7A88-60B2-4890-8640-97ED616D166E}.Release|Any CPU.ActiveCfg = Release|Any CPU
		{EADA7A88-60B2-4890-8640-97ED616D166E}.Release|Any CPU.Build.0 = Release|Any CPU
		{0ACF6F33-A700-47FD-AA61-5E0B3B4B8F80}.Debug|Any CPU.ActiveCfg = Debug|Any CPU
		{0ACF6F33-A700-47FD-AA61-5E0B3B4B8F80}.Debug|Any CPU.Build.0 = Debug|Any CPU
		{0ACF6F33-A700-47FD-AA61-5E0B3B4B8F80}.Release|Any CPU.ActiveCfg = Release|Any CPU
		{0ACF6F33-A700-47FD-AA61-5E0B3B4B8F80}.Release|Any CPU.Build.0 = Release|Any CPU
		{3ACDA348-EB68-487B-B76B-DB5BAC9318F5}.Debug|Any CPU.ActiveCfg = Debug|Any CPU
		{3ACDA348-EB68-487B-B76B-DB5BAC9318F5}.Debug|Any CPU.Build.0 = Debug|Any CPU
		{3ACDA348-EB68-487B-B76B-DB5BAC9318F5}.Release|Any CPU.ActiveCfg = Release|Any CPU
		{3ACDA348-EB68-487B-B76B-DB5BAC9318F5}.Release|Any CPU.Build.0 = Release|Any CPU
		{F2D6838B-E678-43BD-B4F4-53EA52FEBB05}.Debug|Any CPU.ActiveCfg = Debug|Any CPU
		{F2D6838B-E678-43BD-B4F4-53EA52FEBB05}.Debug|Any CPU.Build.0 = Debug|Any CPU
		{F2D6838B-E678-43BD-B4F4-53EA52FEBB05}.Release|Any CPU.ActiveCfg = Release|Any CPU
		{F2D6838B-E678-43BD-B4F4-53EA52FEBB05}.Release|Any CPU.Build.0 = Release|Any CPU
		{B6C505F7-29D3-48D5-A292-CF22620E86A4}.Debug|Any CPU.ActiveCfg = Debug|Any CPU
		{B6C505F7-29D3-48D5-A292-CF22620E86A4}.Debug|Any CPU.Build.0 = Debug|Any CPU
		{B6C505F7-29D3-48D5-A292-CF22620E86A4}.Release|Any CPU.ActiveCfg = Release|Any CPU
		{B6C505F7-29D3-48D5-A292-CF22620E86A4}.Release|Any CPU.Build.0 = Release|Any CPU
		{C712DEBD-6885-4805-96F7-7AEAD0006745}.Debug|Any CPU.ActiveCfg = Debug|Any CPU
		{C712DEBD-6885-4805-96F7-7AEAD0006745}.Debug|Any CPU.Build.0 = Debug|Any CPU
		{C712DEBD-6885-4805-96F7-7AEAD0006745}.Release|Any CPU.ActiveCfg = Release|Any CPU
		{C712DEBD-6885-4805-96F7-7AEAD0006745}.Release|Any CPU.Build.0 = Release|Any CPU
		{D12FBFEA-2E8B-4F2B-B915-B584F0D60F0F}.Debug|Any CPU.ActiveCfg = Debug|Any CPU
		{D12FBFEA-2E8B-4F2B-B915-B584F0D60F0F}.Debug|Any CPU.Build.0 = Debug|Any CPU
		{D12FBFEA-2E8B-4F2B-B915-B584F0D60F0F}.Release|Any CPU.ActiveCfg = Release|Any CPU
		{D12FBFEA-2E8B-4F2B-B915-B584F0D60F0F}.Release|Any CPU.Build.0 = Release|Any CPU
	EndGlobalSection
	GlobalSection(SolutionProperties) = preSolution
		HideSolutionNode = FALSE
	EndGlobalSection
	GlobalSection(NestedProjects) = preSolution
		{6A9E6268-E856-4072-8B74-06F710D5CA33} = {D3526404-DC06-4606-A826-9338B0AC4187}
		{EA126179-E544-46D5-A991-1D46C8EEC35C} = {D3526404-DC06-4606-A826-9338B0AC4187}
		{FFFFC645-3A82-48F2-8705-D4EE4552F1B7} = {D3526404-DC06-4606-A826-9338B0AC4187}
		{D4DB12F1-18F4-480B-A80A-528AB1C28B2B} = {D3526404-DC06-4606-A826-9338B0AC4187}
		{B8955457-F108-4060-A35B-69B482A19AB6} = {2979CB39-2B74-4787-A4E2-F4695BE03B03}
		{1EE9E83B-FD37-42FA-A263-EEE93479AD45} = {F009CC7E-CBAC-46C8-BFF8-CF57CE3E0B35}
		{BFF52B2B-D048-47A2-B3E3-029F057D5508} = {F009CC7E-CBAC-46C8-BFF8-CF57CE3E0B35}
		{4645ED74-ABF5-449E-8C75-16A2C8CE5612} = {F009CC7E-CBAC-46C8-BFF8-CF57CE3E0B35}
		{E6A7E6E8-EDB5-4BF3-99DE-9710B9C4520B} = {F009CC7E-CBAC-46C8-BFF8-CF57CE3E0B35}
		{4DD302CC-6E1C-48C1-8647-54473B9D1EED} = {F009CC7E-CBAC-46C8-BFF8-CF57CE3E0B35}
		{F452AE5A-D1B5-4A14-97D0-9E323E2C0871} = {2979CB39-2B74-4787-A4E2-F4695BE03B03}
		{E7FA8D04-FF11-483D-BDBA-E1FE522F07F0} = {2979CB39-2B74-4787-A4E2-F4695BE03B03}
		{A8045DD4-BD73-4425-920D-C994F8C9786A} = {E7FA8D04-FF11-483D-BDBA-E1FE522F07F0}
		{83689FA4-E01F-4E63-A3E9-D9731C653542} = {E7FA8D04-FF11-483D-BDBA-E1FE522F07F0}
		{FD1BC523-AB97-41A6-B7F4-ECAF2CBE9758} = {E7FA8D04-FF11-483D-BDBA-E1FE522F07F0}
		{57976458-9E94-4F34-A7C8-3BBBBC64C0ED} = {E7FA8D04-FF11-483D-BDBA-E1FE522F07F0}
		{8DA3DBBD-1D1B-432E-90AF-A5766D5BD949} = {2979CB39-2B74-4787-A4E2-F4695BE03B03}
		{304172E6-26E3-40F5-8561-9D493AE1C08D} = {8DA3DBBD-1D1B-432E-90AF-A5766D5BD949}
		{9401B543-F778-4164-982F-C14F29B0C692} = {8DA3DBBD-1D1B-432E-90AF-A5766D5BD949}
		{3863C8D9-F1F7-4912-B13B-3DC2B5C498C1} = {8DA3DBBD-1D1B-432E-90AF-A5766D5BD949}
		{6030821A-4F51-4166-8F92-59257E5192BC} = {8DA3DBBD-1D1B-432E-90AF-A5766D5BD949}
		{6C2E82AE-03AA-4B3C-9F9E-A13DC050C782} = {8DA3DBBD-1D1B-432E-90AF-A5766D5BD949}
		{E55019B7-C7A2-422A-B936-72C84018AAB3} = {8DA3DBBD-1D1B-432E-90AF-A5766D5BD949}
		{3A6F855D-036E-4B42-9804-5AD62EDF1A28} = {8DA3DBBD-1D1B-432E-90AF-A5766D5BD949}
		{2AFA3D4D-E226-434B-AC7D-D6380DEDD336} = {E7FA8D04-FF11-483D-BDBA-E1FE522F07F0}
		{61D2A702-B20D-4D61-A6B1-EC4601BC77B3} = {E7FA8D04-FF11-483D-BDBA-E1FE522F07F0}
		{EADA7A88-60B2-4890-8640-97ED616D166E} = {BFFCBB38-3657-4399-8240-10F096E9E461}
		{0ACF6F33-A700-47FD-AA61-5E0B3B4B8F80} = {CB622BDA-0409-4171-8737-93B888202B62}
		{3ACDA348-EB68-487B-B76B-DB5BAC9318F5} = {CB622BDA-0409-4171-8737-93B888202B62}
		{F2D6838B-E678-43BD-B4F4-53EA52FEBB05} = {F720E9F8-DFFA-42F0-B81F-7D34EE9F5BAD}
		{B6C505F7-29D3-48D5-A292-CF22620E86A4} = {F720E9F8-DFFA-42F0-B81F-7D34EE9F5BAD}
		{C712DEBD-6885-4805-96F7-7AEAD0006745} = {F720E9F8-DFFA-42F0-B81F-7D34EE9F5BAD}
		{D12FBFEA-2E8B-4F2B-B915-B584F0D60F0F} = {F720E9F8-DFFA-42F0-B81F-7D34EE9F5BAD}
	EndGlobalSection
EndGlobal
